
Microsoft Visual Studio Solution File, Format Version 12.00
# Visual Studio Version 16
VisualStudioVersion = 16.0.30907.101
MinimumVisualStudioVersion = 10.0.40219.1
Project("{9A19103F-16F7-4668-BE54-9A1E7A4F7556}") = "Catalog", "Catalog.csproj", "{A09AEB2F-D980-438E-97A6-00229F9CB3D8}"
EndProject
Global
	GlobalSection(SolutionConfigurationPlatforms) = preSolution
		Debug|Any CPU = Debug|Any CPU
		Release|Any CPU = Release|Any CPU
	EndGlobalSection
	GlobalSection(ProjectConfigurationPlatforms) = postSolution
		{A09AEB2F-D980-438E-97A6-00229F9CB3D8}.Debug|Any CPU.ActiveCfg = Debug|Any CPU
		{A09AEB2F-D980-438E-97A6-00229F9CB3D8}.Debug|Any CPU.Build.0 = Debug|Any CPU
		{A09AEB2F-D980-438E-97A6-00229F9CB3D8}.Release|Any CPU.ActiveCfg = Release|Any CPU
		{A09AEB2F-D980-438E-97A6-00229F9CB3D8}.Release|Any CPU.Build.0 = Release|Any CPU
	EndGlobalSection
	GlobalSection(SolutionProperties) = preSolution
		HideSolutionNode = FALSE
	EndGlobalSection
	GlobalSection(ExtensibilityGlobals) = postSolution
		SolutionGuid = {0F5100E6-049E-4E1A-A890-B97F1B31C533}
	EndGlobalSection
EndGlobal
